
Microsoft Visual Studio Solution File, Format Version 12.00
# 
Project("{FAE04EC0-301F-11D3-BF4B-00C04F79EFBC}") = "NetworkUtilities", "NetworkUtilities\NetworkUtilities.csproj", "{BF9A1E5F-1E27-4B49-A444-5387E2BEC227}"
EndProject
Project("{FAE04EC0-301F-11D3-BF4B-00C04F79EFBC}") = "RoutingKit", "RoutingKit.NET\src\RoutingKit\RoutingKit.csproj", "{5AD99D03-2BEF-4804-899F-B3AE0F3AD278}"
EndProject
Project("{2150E333-8FDC-42A3-9474-1A3956D46DE8}") = "src", "src", "{F9FE6DCE-77AD-4E8A-A4B9-95080374A6D9}"
EndProject
Project("{FAE04EC0-301F-11D3-BF4B-00C04F79EFBC}") = "Pipos.GeoLib.Bicycle", "src\Pipos.GeoLib.Bicycle\Pipos.GeoLib.Bicycle.csproj", "{2D8B7A49-1CEB-481A-A9C2-F444852DC7B9}"
EndProject
Project("{FAE04EC0-301F-11D3-BF4B-00C04F79EFBC}") = "Pipos.GeoLib.Core", "src\Pipos.GeoLib.Core\Pipos.GeoLib.Core.csproj", "{0B3F7BE3-294B-4EF6-96C1-E33D7C68A10E}"
EndProject
Project("{FAE04EC0-301F-11D3-BF4B-00C04F79EFBC}") = "Pipos.GeoLib.GTFS", "src\Pipos.GeoLib.GTFS\Pipos.GeoLib.GTFS.csproj", "{357FD110-D7DC-4C84-A5F9-EF0A779E5858}"
EndProject
Project("{FAE04EC0-301F-11D3-BF4B-00C04F79EFBC}") = "Pipos.GeoLib.Road", "src\Pipos.GeoLib.Road\Pipos.GeoLib.Road.csproj", "{36D56138-4671-4AF9-B765-D9F9E37E7FC1}"
EndProject
Project("{FAE04EC0-301F-11D3-BF4B-00C04F79EFBC}") = "Pipos.GeoLib.Walk", "src\Pipos.GeoLib.Walk\Pipos.GeoLib.Walk.csproj", "{6319675F-3594-45B7-9037-5625D927D1D0}"
EndProject
Global
	GlobalSection(SolutionConfigurationPlatforms) = preSolution
		Debug|Any CPU = Debug|Any CPU
		Release|Any CPU = Release|Any CPU
	EndGlobalSection
	GlobalSection(ProjectConfigurationPlatforms) = postSolution
		{BF9A1E5F-1E27-4B49-A444-5387E2BEC227}.Debug|Any CPU.ActiveCfg = Debug|Any CPU
		{BF9A1E5F-1E27-4B49-A444-5387E2BEC227}.Debug|Any CPU.Build.0 = Debug|Any CPU
		{BF9A1E5F-1E27-4B49-A444-5387E2BEC227}.Release|Any CPU.ActiveCfg = Release|Any CPU
		{BF9A1E5F-1E27-4B49-A444-5387E2BEC227}.Release|Any CPU.Build.0 = Release|Any CPU
		{5AD99D03-2BEF-4804-899F-B3AE0F3AD278}.Debug|Any CPU.ActiveCfg = Debug|Any CPU
		{5AD99D03-2BEF-4804-899F-B3AE0F3AD278}.Debug|Any CPU.Build.0 = Debug|Any CPU
		{5AD99D03-2BEF-4804-899F-B3AE0F3AD278}.Release|Any CPU.ActiveCfg = Release|Any CPU
		{5AD99D03-2BEF-4804-899F-B3AE0F3AD278}.Release|Any CPU.Build.0 = Release|Any CPU
		{2D8B7A49-1CEB-481A-A9C2-F444852DC7B9}.Debug|Any CPU.ActiveCfg = Debug|Any CPU
		{2D8B7A49-1CEB-481A-A9C2-F444852DC7B9}.Debug|Any CPU.Build.0 = Debug|Any CPU
		{2D8B7A49-1CEB-481A-A9C2-F444852DC7B9}.Release|Any CPU.ActiveCfg = Release|Any CPU
		{2D8B7A49-1CEB-481A-A9C2-F444852DC7B9}.Release|Any CPU.Build.0 = Release|Any CPU
		{0B3F7BE3-294B-4EF6-96C1-E33D7C68A10E}.Debug|Any CPU.ActiveCfg = Debug|Any CPU
		{0B3F7BE3-294B-4EF6-96C1-E33D7C68A10E}.Debug|Any CPU.Build.0 = Debug|Any CPU
		{0B3F7BE3-294B-4EF6-96C1-E33D7C68A10E}.Release|Any CPU.ActiveCfg = Release|Any CPU
		{0B3F7BE3-294B-4EF6-96C1-E33D7C68A10E}.Release|Any CPU.Build.0 = Release|Any CPU
		{357FD110-D7DC-4C84-A5F9-EF0A779E5858}.Debug|Any CPU.ActiveCfg = Debug|Any CPU
		{357FD110-D7DC-4C84-A5F9-EF0A779E5858}.Debug|Any CPU.Build.0 = Debug|Any CPU
		{357FD110-D7DC-4C84-A5F9-EF0A779E5858}.Release|Any CPU.ActiveCfg = Release|Any CPU
		{357FD110-D7DC-4C84-A5F9-EF0A779E5858}.Release|Any CPU.Build.0 = Release|Any CPU
		{36D56138-4671-4AF9-B765-D9F9E37E7FC1}.Debug|Any CPU.ActiveCfg = Debug|Any CPU
		{36D56138-4671-4AF9-B765-D9F9E37E7FC1}.Debug|Any CPU.Build.0 = Debug|Any CPU
		{36D56138-4671-4AF9-B765-D9F9E37E7FC1}.Release|Any CPU.ActiveCfg = Release|Any CPU
		{36D56138-4671-4AF9-B765-D9F9E37E7FC1}.Release|Any CPU.Build.0 = Release|Any CPU
		{6319675F-3594-45B7-9037-5625D927D1D0}.Debug|Any CPU.ActiveCfg = Debug|Any CPU
		{6319675F-3594-45B7-9037-5625D927D1D0}.Debug|Any CPU.Build.0 = Debug|Any CPU
		{6319675F-3594-45B7-9037-5625D927D1D0}.Release|Any CPU.ActiveCfg = Release|Any CPU
		{6319675F-3594-45B7-9037-5625D927D1D0}.Release|Any CPU.Build.0 = Release|Any CPU
	EndGlobalSection
	GlobalSection(NestedProjects) = preSolution
		{2D8B7A49-1CEB-481A-A9C2-F444852DC7B9} = {F9FE6DCE-77AD-4E8A-A4B9-95080374A6D9}
		{0B3F7BE3-294B-4EF6-96C1-E33D7C68A10E} = {F9FE6DCE-77AD-4E8A-A4B9-95080374A6D9}
		{357FD110-D7DC-4C84-A5F9-EF0A779E5858} = {F9FE6DCE-77AD-4E8A-A4B9-95080374A6D9}
		{36D56138-4671-4AF9-B765-D9F9E37E7FC1} = {F9FE6DCE-77AD-4E8A-A4B9-95080374A6D9}
		{6319675F-3594-45B7-9037-5625D927D1D0} = {F9FE6DCE-77AD-4E8A-A4B9-95080374A6D9}
	EndGlobalSection
EndGlobal
