
Microsoft Visual Studio Solution File, Format Version 12.00
# Visual Studio Version 17
VisualStudioVersion = 17.0.31903.59
MinimumVisualStudioVersion = 10.0.40219.1
Project("{2150E333-8FDC-42A3-9474-1A3956D46DE8}") = "src", "src", "{E86C6F2F-AD97-4C46-A0E2-447496F23107}"
EndProject
Project("{FAE04EC0-301F-11D3-BF4B-00C04F79EFBC}") = "RoutingKit", "src\RoutingKit\RoutingKit.csproj", "{819D74AE-2E06-45E5-B4B7-A4FDFE6BA828}"
EndProject
Project("{2150E333-8FDC-42A3-9474-1A3956D46DE8}") = "test", "test", "{5942F4BD-E840-4B85-A15B-316B55783CB3}"
EndProject
Project("{FAE04EC0-301F-11D3-BF4B-00C04F79EFBC}") = "UnitTest", "test\UnitTest\UnitTest.csproj", "{E60CF1CB-C5A3-48D3-B6D4-A4CA63763A4C}"
EndProject
Project("{FAE04EC0-301F-11D3-BF4B-00C04F79EFBC}") = "Utils", "src\Utils\Utils.csproj", "{69FAC67B-6D8F-4802-BFBD-CB9744C43E0F}"
EndProject
Project("{FAE04EC0-301F-11D3-BF4B-00C04F79EFBC}") = "App", "src\App\App.csproj", "{4B4E9D17-3EC2-4B15-AC32-518B2211A0EE}"
EndProject
Global
	GlobalSection(SolutionConfigurationPlatforms) = preSolution
		Debug|Any CPU = Debug|Any CPU
		Release|Any CPU = Release|Any CPU
	EndGlobalSection
	GlobalSection(SolutionProperties) = preSolution
		HideSolutionNode = FALSE
	EndGlobalSection
	GlobalSection(ProjectConfigurationPlatforms) = postSolution
		{819D74AE-2E06-45E5-B4B7-A4FDFE6BA828}.Debug|Any CPU.ActiveCfg = Debug|Any CPU
		{819D74AE-2E06-45E5-B4B7-A4FDFE6BA828}.Debug|Any CPU.Build.0 = Debug|Any CPU
		{819D74AE-2E06-45E5-B4B7-A4FDFE6BA828}.Release|Any CPU.ActiveCfg = Release|Any CPU
		{819D74AE-2E06-45E5-B4B7-A4FDFE6BA828}.Release|Any CPU.Build.0 = Release|Any CPU
		{E60CF1CB-C5A3-48D3-B6D4-A4CA63763A4C}.Debug|Any CPU.ActiveCfg = Debug|Any CPU
		{E60CF1CB-C5A3-48D3-B6D4-A4CA63763A4C}.Debug|Any CPU.Build.0 = Debug|Any CPU
		{E60CF1CB-C5A3-48D3-B6D4-A4CA63763A4C}.Release|Any CPU.ActiveCfg = Release|Any CPU
		{E60CF1CB-C5A3-48D3-B6D4-A4CA63763A4C}.Release|Any CPU.Build.0 = Release|Any CPU
		{69FAC67B-6D8F-4802-BFBD-CB9744C43E0F}.Debug|Any CPU.ActiveCfg = Debug|Any CPU
		{69FAC67B-6D8F-4802-BFBD-CB9744C43E0F}.Debug|Any CPU.Build.0 = Debug|Any CPU
		{69FAC67B-6D8F-4802-BFBD-CB9744C43E0F}.Release|Any CPU.ActiveCfg = Release|Any CPU
		{69FAC67B-6D8F-4802-BFBD-CB9744C43E0F}.Release|Any CPU.Build.0 = Release|Any CPU
		{4B4E9D17-3EC2-4B15-AC32-518B2211A0EE}.Debug|Any CPU.ActiveCfg = Debug|Any CPU
		{4B4E9D17-3EC2-4B15-AC32-518B2211A0EE}.Debug|Any CPU.Build.0 = Debug|Any CPU
		{4B4E9D17-3EC2-4B15-AC32-518B2211A0EE}.Release|Any CPU.ActiveCfg = Release|Any CPU
		{4B4E9D17-3EC2-4B15-AC32-518B2211A0EE}.Release|Any CPU.Build.0 = Release|Any CPU
	EndGlobalSection
	GlobalSection(NestedProjects) = preSolution
		{819D74AE-2E06-45E5-B4B7-A4FDFE6BA828} = {E86C6F2F-AD97-4C46-A0E2-447496F23107}
		{E60CF1CB-C5A3-48D3-B6D4-A4CA63763A4C} = {5942F4BD-E840-4B85-A15B-316B55783CB3}
		{69FAC67B-6D8F-4802-BFBD-CB9744C43E0F} = {E86C6F2F-AD97-4C46-A0E2-447496F23107}
		{4B4E9D17-3EC2-4B15-AC32-518B2211A0EE} = {E86C6F2F-AD97-4C46-A0E2-447496F23107}
	EndGlobalSection
EndGlobal
